
Microsoft Visual Studio Solution File, Format Version 12.00
# Visual Studio Version 16
VisualStudioVersion = 16.0.810.8
MinimumVisualStudioVersion = 10.0.40219.1
Project("{FAE04EC0-301F-11D3-BF4B-00C04F79EFBC}") = "Restaurants", "Restaurants\Restaurants.csproj", "{3E7D5EE5-F18F-44EF-B880-C24C7941980E}"
EndProject
Global
	GlobalSection(SolutionConfigurationPlatforms) = preSolution
		Debug|Any CPU = Debug|Any CPU
		Release|Any CPU = Release|Any CPU
	EndGlobalSection
	GlobalSection(ProjectConfigurationPlatforms) = postSolution
		{3E7D5EE5-F18F-44EF-B880-C24C7941980E}.Debug|Any CPU.ActiveCfg = Debug|Any CPU
		{3E7D5EE5-F18F-44EF-B880-C24C7941980E}.Debug|Any CPU.Build.0 = Debug|Any CPU
		{3E7D5EE5-F18F-44EF-B880-C24C7941980E}.Release|Any CPU.ActiveCfg = Release|Any CPU
		{3E7D5EE5-F18F-44EF-B880-C24C7941980E}.Release|Any CPU.Build.0 = Release|Any CPU
	EndGlobalSection
	GlobalSection(SolutionProperties) = preSolution
		HideSolutionNode = FALSE
	EndGlobalSection
	GlobalSection(ExtensibilityGlobals) = postSolution
		SolutionGuid = {0E2A3EA6-A3DB-45C3-B86F-431BC70D2084}
	EndGlobalSection
EndGlobal
